
Microsoft Visual Studio Solution File, Format Version 12.00
# Visual Studio Version 17
VisualStudioVersion = 17.6.33801.468
MinimumVisualStudioVersion = 10.0.40219.1
Project("{9A19103F-16F7-4668-BE54-9A1E7A4F7556}") = "Parser", "Parser\Parser.csproj", "{8CB332C6-542D-4106-BB72-767495E4423B}"
EndProject
Project("{FAE04EC0-301F-11D3-BF4B-00C04F79EFBC}") = "ParserAPI", "ParserAPI\ParserAPI.csproj", "{BDA1A6AD-B23D-4B02-887D-349D4FF62277}"
EndProject
Global
	GlobalSection(SolutionConfigurationPlatforms) = preSolution
		Debug|Any CPU = Debug|Any CPU
		Release|Any CPU = Release|Any CPU
	EndGlobalSection
	GlobalSection(ProjectConfigurationPlatforms) = postSolution
		{8CB332C6-542D-4106-BB72-767495E4423B}.Debug|Any CPU.ActiveCfg = Debug|Any CPU
		{8CB332C6-542D-4106-BB72-767495E4423B}.Debug|Any CPU.Build.0 = Debug|Any CPU
		{8CB332C6-542D-4106-BB72-767495E4423B}.Release|Any CPU.ActiveCfg = Release|Any CPU
		{8CB332C6-542D-4106-BB72-767495E4423B}.Release|Any CPU.Build.0 = Release|Any CPU
		{BDA1A6AD-B23D-4B02-887D-349D4FF62277}.Debug|Any CPU.ActiveCfg = Debug|Any CPU
		{BDA1A6AD-B23D-4B02-887D-349D4FF62277}.Debug|Any CPU.Build.0 = Debug|Any CPU
		{BDA1A6AD-B23D-4B02-887D-349D4FF62277}.Release|Any CPU.ActiveCfg = Release|Any CPU
		{BDA1A6AD-B23D-4B02-887D-349D4FF62277}.Release|Any CPU.Build.0 = Release|Any CPU
	EndGlobalSection
	GlobalSection(SolutionProperties) = preSolution
		HideSolutionNode = FALSE
	EndGlobalSection
	GlobalSection(ExtensibilityGlobals) = postSolution
		SolutionGuid = {C11F41B1-1C2A-4A9E-B314-C6DC5B7D5EA5}
	EndGlobalSection
EndGlobal
